// !$*UTF8*$!
{
	archiveVersion = 1;
	classes = {
	};
	objectVersion = 46;
	objects = {

/* Begin PBXBuildFile section */
		B600E1A22145EE9E007F2221 /* MoRIS_artificial_data.cpp in Sources */ = {isa = PBXBuildFile; fileRef = B669107E21459B6800274C93 /* MoRIS_artificial_data.cpp */; };
		B600E1A32145EE9E007F2221 /* Prng.cpp in Sources */ = {isa = PBXBuildFile; fileRef = B669107821459B6800274C93 /* Prng.cpp */; };
		B600E1A42145EE9E007F2221 /* Parameters.cpp in Sources */ = {isa = PBXBuildFile; fileRef = B669107621459B6800274C93 /* Parameters.cpp */; };
		B600E1A52145EE9E007F2221 /* Node.cpp in Sources */ = {isa = PBXBuildFile; fileRef = B669107421459B6800274C93 /* Node.cpp */; };
		B600E1A62145EE9E007F2221 /* Graph.cpp in Sources */ = {isa = PBXBuildFile; fileRef = B669107221459B6800274C93 /* Graph.cpp */; };
		B600E1A72145EE9E007F2221 /* Simulation.cpp in Sources */ = {isa = PBXBuildFile; fileRef = B669107C21459B6800274C93 /* Simulation.cpp */; };
		B669109321459C1200274C93 /* MoRIS_run.cpp in Sources */ = {isa = PBXBuildFile; fileRef = B669108121459B6800274C93 /* MoRIS_run.cpp */; };
		B669109421459C1200274C93 /* Prng.cpp in Sources */ = {isa = PBXBuildFile; fileRef = B669107821459B6800274C93 /* Prng.cpp */; };
		B669109521459C1200274C93 /* Parameters.cpp in Sources */ = {isa = PBXBuildFile; fileRef = B669107621459B6800274C93 /* Parameters.cpp */; };
		B669109621459C1200274C93 /* Node.cpp in Sources */ = {isa = PBXBuildFile; fileRef = B669107421459B6800274C93 /* Node.cpp */; };
		B669109721459C1200274C93 /* Graph.cpp in Sources */ = {isa = PBXBuildFile; fileRef = B669107221459B6800274C93 /* Graph.cpp */; };
		B669109821459C1200274C93 /* Simulation.cpp in Sources */ = {isa = PBXBuildFile; fileRef = B669107C21459B6800274C93 /* Simulation.cpp */; };
/* End PBXBuildFile section */

/* Begin PBXCopyFilesBuildPhase section */
		B600E1992145EE8A007F2221 /* CopyFiles */ = {
			isa = PBXCopyFilesBuildPhase;
			buildActionMask = 2147483647;
			dstPath = /usr/share/man/man1/;
			dstSubfolderSpec = 0;
			files = (
			);
			runOnlyForDeploymentPostprocessing = 1;
		};
		B669108A21459BB100274C93 /* CopyFiles */ = {
			isa = PBXCopyFilesBuildPhase;
			buildActionMask = 2147483647;
			dstPath = /usr/share/man/man1/;
			dstSubfolderSpec = 0;
			files = (
			);
			runOnlyForDeploymentPostprocessing = 1;
		};
/* End PBXCopyFilesBuildPhase section */

/* Begin PBXFileReference section */
		B600E19B2145EE8A007F2221 /* MoRIS_artificial_data */ = {isa = PBXFileReference; explicitFileType = "compiled.mach-o.executable"; includeInIndex = 0; path = MoRIS_artificial_data; sourceTree = BUILT_PRODUCTS_DIR; };
		B656907C214ADD58003CD5D1 /* parameters.txt */ = {isa = PBXFileReference; lastKnownFileType = text; path = parameters.txt; sourceTree = "<group>"; };
		B6690FF621459B6800274C93 /* AUTHORS.md */ = {isa = PBXFileReference; lastKnownFileType = net.daringfireball.markdown; name = AUTHORS.md; path = ../../../AUTHORS.md; sourceTree = "<group>"; };
		B6690FF921459B6800274C93 /* MoRIS_artificial_data */ = {isa = PBXFileReference; lastKnownFileType = "compiled.mach-o.executable"; path = MoRIS_artificial_data; sourceTree = "<group>"; };
		B6690FFA21459B6800274C93 /* MoRIS_run */ = {isa = PBXFileReference; lastKnownFileType = "compiled.mach-o.executable"; path = MoRIS_run; sourceTree = "<group>"; };
		B6690FFC21459B6800274C93 /* cmake_install.cmake */ = {isa = PBXFileReference; lastKnownFileType = text; path = cmake_install.cmake; sourceTree = "<group>"; };
		B6690FFD21459B6800274C93 /* CMakeCache.txt */ = {isa = PBXFileReference; lastKnownFileType = text; path = CMakeCache.txt; sourceTree = "<group>"; };
		B669100021459B6800274C93 /* CMakeCCompiler.cmake */ = {isa = PBXFileReference; lastKnownFileType = text; path = CMakeCCompiler.cmake; sourceTree = "<group>"; };
		B669100121459B6800274C93 /* CMakeCXXCompiler.cmake */ = {isa = PBXFileReference; lastKnownFileType = text; path = CMakeCXXCompiler.cmake; sourceTree = "<group>"; };
		B669100221459B6800274C93 /* CMakeDetermineCompilerABI_C.bin */ = {isa = PBXFileReference; lastKnownFileType = archive.macbinary; path = CMakeDetermineCompilerABI_C.bin; sourceTree = "<group>"; };
		B669100321459B6800274C93 /* CMakeDetermineCompilerABI_CXX.bin */ = {isa = PBXFileReference; lastKnownFileType = archive.macbinary; path = CMakeDetermineCompilerABI_CXX.bin; sourceTree = "<group>"; };
		B669100421459B6800274C93 /* CMakeSystem.cmake */ = {isa = PBXFileReference; lastKnownFileType = text; path = CMakeSystem.cmake; sourceTree = "<group>"; };
		B669100621459B6800274C93 /* a.out */ = {isa = PBXFileReference; lastKnownFileType = "compiled.mach-o.executable"; path = a.out; sourceTree = "<group>"; };
		B669100721459B6800274C93 /* CMakeCCompilerId.c */ = {isa = PBXFileReference; lastKnownFileType = sourcecode.c.c; path = CMakeCCompilerId.c; sourceTree = "<group>"; };
		B669100A21459B6800274C93 /* a.out */ = {isa = PBXFileReference; lastKnownFileType = "compiled.mach-o.executable"; path = a.out; sourceTree = "<group>"; };
		B669100B21459B6800274C93 /* CMakeCXXCompilerId.cpp */ = {isa = PBXFileReference; lastKnownFileType = sourcecode.cpp.cpp; path = CMakeCXXCompilerId.cpp; sourceTree = "<group>"; };
		B669100D21459B6800274C93 /* cmake.check_cache */ = {isa = PBXFileReference; lastKnownFileType = text; path = cmake.check_cache; sourceTree = "<group>"; };
		B669100E21459B6800274C93 /* CMakeDirectoryInformation.cmake */ = {isa = PBXFileReference; lastKnownFileType = text; path = CMakeDirectoryInformation.cmake; sourceTree = "<group>"; };
		B669100F21459B6800274C93 /* CMakeOutput.log */ = {isa = PBXFileReference; lastKnownFileType = text; path = CMakeOutput.log; sourceTree = "<group>"; };
		B669101121459B6800274C93 /* feature_tests.bin */ = {isa = PBXFileReference; lastKnownFileType = archive.macbinary; path = feature_tests.bin; sourceTree = "<group>"; };
		B669101221459B6800274C93 /* feature_tests.c */ = {isa = PBXFileReference; lastKnownFileType = sourcecode.c.c; path = feature_tests.c; sourceTree = "<group>"; };
		B669101321459B6800274C93 /* feature_tests.cxx */ = {isa = PBXFileReference; lastKnownFileType = sourcecode.cpp.cpp; path = feature_tests.cxx; sourceTree = "<group>"; };
		B669101421459B6800274C93 /* Makefile.cmake */ = {isa = PBXFileReference; lastKnownFileType = text; path = Makefile.cmake; sourceTree = "<group>"; };
		B669101521459B6800274C93 /* Makefile2 */ = {isa = PBXFileReference; lastKnownFileType = text; path = Makefile2; sourceTree = "<group>"; };
		B669101721459B6800274C93 /* build.make */ = {isa = PBXFileReference; lastKnownFileType = text; path = build.make; sourceTree = "<group>"; };
		B669101821459B6800274C93 /* cmake_clean.cmake */ = {isa = PBXFileReference; lastKnownFileType = text; path = cmake_clean.cmake; sourceTree = "<group>"; };
		B669101921459B6800274C93 /* cmake_clean_target.cmake */ = {isa = PBXFileReference; lastKnownFileType = text; path = cmake_clean_target.cmake; sourceTree = "<group>"; };
		B669101A21459B6800274C93 /* CXX.includecache */ = {isa = PBXFileReference; lastKnownFileType = text; path = CXX.includecache; sourceTree = "<group>"; };
		B669101B21459B6800274C93 /* depend.internal */ = {isa = PBXFileReference; lastKnownFileType = text; path = depend.internal; sourceTree = "<group>"; };
		B669101C21459B6800274C93 /* depend.make */ = {isa = PBXFileReference; lastKnownFileType = text; path = depend.make; sourceTree = "<group>"; };
		B669101D21459B6800274C93 /* DependInfo.cmake */ = {isa = PBXFileReference; lastKnownFileType = text; path = DependInfo.cmake; sourceTree = "<group>"; };
		B669101E21459B6800274C93 /* flags.make */ = {isa = PBXFileReference; lastKnownFileType = text; path = flags.make; sourceTree = "<group>"; };
		B669101F21459B6800274C93 /* link.txt */ = {isa = PBXFileReference; lastKnownFileType = text; path = link.txt; sourceTree = "<group>"; };
		B669102021459B6800274C93 /* progress.make */ = {isa = PBXFileReference; lastKnownFileType = text; path = progress.make; sourceTree = "<group>"; };
		B669102321459B6800274C93 /* Graph.cpp.o */ = {isa = PBXFileReference; lastKnownFileType = "compiled.mach-o.objfile"; path = Graph.cpp.o; sourceTree = "<group>"; };
		B669102421459B6800274C93 /* Node.cpp.o */ = {isa = PBXFileReference; lastKnownFileType = "compiled.mach-o.objfile"; path = Node.cpp.o; sourceTree = "<group>"; };
		B669102521459B6800274C93 /* Parameters.cpp.o */ = {isa = PBXFileReference; lastKnownFileType = "compiled.mach-o.objfile"; path = Parameters.cpp.o; sourceTree = "<group>"; };
		B669102621459B6800274C93 /* Prng.cpp.o */ = {isa = PBXFileReference; lastKnownFileType = "compiled.mach-o.objfile"; path = Prng.cpp.o; sourceTree = "<group>"; };
		B669102721459B6800274C93 /* Simulation.cpp.o */ = {isa = PBXFileReference; lastKnownFileType = "compiled.mach-o.objfile"; path = Simulation.cpp.o; sourceTree = "<group>"; };
		B669102921459B6800274C93 /* build.make */ = {isa = PBXFileReference; lastKnownFileType = text; path = build.make; sourceTree = "<group>"; };
		B669102A21459B6800274C93 /* cmake_clean.cmake */ = {isa = PBXFileReference; lastKnownFileType = text; path = cmake_clean.cmake; sourceTree = "<group>"; };
		B669102B21459B6800274C93 /* CXX.includecache */ = {isa = PBXFileReference; lastKnownFileType = text; path = CXX.includecache; sourceTree = "<group>"; };
		B669102C21459B6800274C93 /* depend.internal */ = {isa = PBXFileReference; lastKnownFileType = text; path = depend.internal; sourceTree = "<group>"; };
		B669102D21459B6800274C93 /* depend.make */ = {isa = PBXFileReference; lastKnownFileType = text; path = depend.make; sourceTree = "<group>"; };
		B669102E21459B6800274C93 /* DependInfo.cmake */ = {isa = PBXFileReference; lastKnownFileType = text; path = DependInfo.cmake; sourceTree = "<group>"; };
		B669102F21459B6800274C93 /* flags.make */ = {isa = PBXFileReference; lastKnownFileType = text; path = flags.make; sourceTree = "<group>"; };
		B669103021459B6800274C93 /* link.txt */ = {isa = PBXFileReference; lastKnownFileType = text; path = link.txt; sourceTree = "<group>"; };
		B669103121459B6800274C93 /* progress.make */ = {isa = PBXFileReference; lastKnownFileType = text; path = progress.make; sourceTree = "<group>"; };
		B669103321459B6800274C93 /* MoRIS_artificial_data.cpp.o */ = {isa = PBXFileReference; lastKnownFileType = "compiled.mach-o.objfile"; path = MoRIS_artificial_data.cpp.o; sourceTree = "<group>"; };
		B669103521459B6800274C93 /* build.make */ = {isa = PBXFileReference; lastKnownFileType = text; path = build.make; sourceTree = "<group>"; };
		B669103621459B6800274C93 /* cmake_clean.cmake */ = {isa = PBXFileReference; lastKnownFileType = text; path = cmake_clean.cmake; sourceTree = "<group>"; };
		B669103721459B6800274C93 /* CXX.includecache */ = {isa = PBXFileReference; lastKnownFileType = text; path = CXX.includecache; sourceTree = "<group>"; };
		B669103821459B6800274C93 /* depend.internal */ = {isa = PBXFileReference; lastKnownFileType = text; path = depend.internal; sourceTree = "<group>"; };
		B669103921459B6800274C93 /* depend.make */ = {isa = PBXFileReference; lastKnownFileType = text; path = depend.make; sourceTree = "<group>"; };
		B669103A21459B6800274C93 /* DependInfo.cmake */ = {isa = PBXFileReference; lastKnownFileType = text; path = DependInfo.cmake; sourceTree = "<group>"; };
		B669103B21459B6800274C93 /* flags.make */ = {isa = PBXFileReference; lastKnownFileType = text; path = flags.make; sourceTree = "<group>"; };
		B669103C21459B6800274C93 /* link.txt */ = {isa = PBXFileReference; lastKnownFileType = text; path = link.txt; sourceTree = "<group>"; };
		B669103D21459B6800274C93 /* progress.make */ = {isa = PBXFileReference; lastKnownFileType = text; path = progress.make; sourceTree = "<group>"; };
		B669103F21459B6800274C93 /* MoRIS_run.cpp.o */ = {isa = PBXFileReference; lastKnownFileType = "compiled.mach-o.objfile"; path = MoRIS_run.cpp.o; sourceTree = "<group>"; };
		B669104021459B6800274C93 /* progress.marks */ = {isa = PBXFileReference; lastKnownFileType = text; path = progress.marks; sourceTree = "<group>"; };
		B669104121459B6800274C93 /* TargetDirectories.txt */ = {isa = PBXFileReference; lastKnownFileType = text; path = TargetDirectories.txt; sourceTree = "<group>"; };
		B669104221459B6800274C93 /* Config.h */ = {isa = PBXFileReference; lastKnownFileType = sourcecode.c.h; path = Config.h; sourceTree = "<group>"; };
		B669104321459B6800274C93 /* libMoRIS.a */ = {isa = PBXFileReference; lastKnownFileType = archive.ar; path = libMoRIS.a; sourceTree = "<group>"; };
		B669104421459B6800274C93 /* make.sh */ = {isa = PBXFileReference; lastKnownFileType = text.script.sh; path = make.sh; sourceTree = "<group>"; };
		B669104521459B6800274C93 /* make_clean.sh */ = {isa = PBXFileReference; lastKnownFileType = text.script.sh; path = make_clean.sh; sourceTree = "<group>"; };
		B669104621459B6800274C93 /* make_debug.sh */ = {isa = PBXFileReference; lastKnownFileType = text.script.sh; path = make_debug.sh; sourceTree = "<group>"; };
		B669104721459B6800274C93 /* Makefile */ = {isa = PBXFileReference; lastKnownFileType = sourcecode.make; path = Makefile; sourceTree = "<group>"; };
		B669104921459B6800274C93 /* Config.h.in */ = {isa = PBXFileReference; lastKnownFileType = text; path = Config.h.in; sourceTree = "<group>"; };
		B669104A21459B6800274C93 /* FindGSL.cmake */ = {isa = PBXFileReference; lastKnownFileType = text; path = FindGSL.cmake; sourceTree = "<group>"; };
		B669104B21459B6800274C93 /* FindTBB.cmake */ = {isa = PBXFileReference; lastKnownFileType = text; path = FindTBB.cmake; sourceTree = "<group>"; };
		B669104C21459B6800274C93 /* CMakeLists.txt */ = {isa = PBXFileReference; lastKnownFileType = text; name = CMakeLists.txt; path = ../../../CMakeLists.txt; sourceTree = "<group>"; };
		B669104E21459B6800274C93 /* index.html */ = {isa = PBXFileReference; lastKnownFileType = text.html; path = index.html; sourceTree = "<group>"; };
		B669104F21459B6800274C93 /* Meetmoris.jpg */ = {isa = PBXFileReference; lastKnownFileType = image.jpeg; path = Meetmoris.jpg; sourceTree = "<group>"; };
		B669105121459B6800274C93 /* map.txt */ = {isa = PBXFileReference; lastKnownFileType = text; path = map.txt; sourceTree = "<group>"; };
		B669105221459B6800274C93 /* network.txt */ = {isa = PBXFileReference; lastKnownFileType = text; path = network.txt; sourceTree = "<group>"; };
		B669105321459B6800274C93 /* parameters.txt */ = {isa = PBXFileReference; lastKnownFileType = text; path = parameters.txt; sourceTree = "<group>"; };
		B669105421459B6800274C93 /* plot.R */ = {isa = PBXFileReference; lastKnownFileType = sourcecode.rez; path = plot.R; sourceTree = "<group>"; };
		B669105521459B6800274C93 /* run.sh */ = {isa = PBXFileReference; lastKnownFileType = text.script.sh; path = run.sh; sourceTree = "<group>"; };
		B669105621459B6800274C93 /* sample.txt */ = {isa = PBXFileReference; lastKnownFileType = text; path = sample.txt; sourceTree = "<group>"; };
		B669105821459B6800274C93 /* convert.py */ = {isa = PBXFileReference; lastKnownFileType = text.script.python; path = convert.py; sourceTree = "<group>"; };
		B669105921459B6800274C93 /* map.txt */ = {isa = PBXFileReference; lastKnownFileType = text; path = map.txt; sourceTree = "<group>"; };
		B669105A21459B6800274C93 /* map_OK.csv */ = {isa = PBXFileReference; lastKnownFileType = text; path = map_OK.csv; sourceTree = "<group>"; };
		B669105B21459B6800274C93 /* map_OK.xlsx */ = {isa = PBXFileReference; lastKnownFileType = file; path = map_OK.xlsx; sourceTree = "<group>"; };
		B669105C21459B6800274C93 /* network.txt */ = {isa = PBXFileReference; lastKnownFileType = text; path = network.txt; sourceTree = "<group>"; };
		B669105D21459B6800274C93 /* network_OK.csv */ = {isa = PBXFileReference; lastKnownFileType = text; path = network_OK.csv; sourceTree = "<group>"; };
		B669105E21459B6800274C93 /* network_OK.xlsx */ = {isa = PBXFileReference; lastKnownFileType = file; path = network_OK.xlsx; sourceTree = "<group>"; };
		B669106021459B6800274C93 /* sample_OK_v1.xlsx */ = {isa = PBXFileReference; lastKnownFileType = file; path = sample_OK_v1.xlsx; sourceTree = "<group>"; };
		B669106121459B6800274C93 /* sample_OK_v2.xlsx */ = {isa = PBXFileReference; lastKnownFileType = file; path = sample_OK_v2.xlsx; sourceTree = "<group>"; };
		B669106221459B6800274C93 /* sample.txt */ = {isa = PBXFileReference; lastKnownFileType = text; path = sample.txt; sourceTree = "<group>"; };
		B669106321459B6800274C93 /* sample_OK.csv */ = {isa = PBXFileReference; lastKnownFileType = text; path = sample_OK.csv; sourceTree = "<group>"; };
		B669106421459B6800274C93 /* sample_OK.xlsx */ = {isa = PBXFileReference; lastKnownFileType = file; path = sample_OK.xlsx; sourceTree = "<group>"; };
		B669106D21459B6800274C93 /* LICENSE */ = {isa = PBXFileReference; lastKnownFileType = text; name = LICENSE; path = ../../../LICENSE; sourceTree = "<group>"; };
		B669106E21459B6800274C93 /* README.md */ = {isa = PBXFileReference; lastKnownFileType = net.daringfireball.markdown; name = README.md; path = ../../../README.md; sourceTree = "<group>"; };
		B669107121459B6800274C93 /* Enums.h */ = {isa = PBXFileReference; lastKnownFileType = sourcecode.c.h; path = Enums.h; sourceTree = "<group>"; };
		B669107221459B6800274C93 /* Graph.cpp */ = {isa = PBXFileReference; lastKnownFileType = sourcecode.cpp.cpp; path = Graph.cpp; sourceTree = "<group>"; };
		B669107321459B6800274C93 /* Graph.h */ = {isa = PBXFileReference; lastKnownFileType = sourcecode.c.h; path = Graph.h; sourceTree = "<group>"; };
		B669107421459B6800274C93 /* Node.cpp */ = {isa = PBXFileReference; lastKnownFileType = sourcecode.cpp.cpp; path = Node.cpp; sourceTree = "<group>"; };
		B669107521459B6800274C93 /* Node.h */ = {isa = PBXFileReference; lastKnownFileType = sourcecode.c.h; path = Node.h; sourceTree = "<group>"; };
		B669107621459B6800274C93 /* Parameters.cpp */ = {isa = PBXFileReference; lastKnownFileType = sourcecode.cpp.cpp; path = Parameters.cpp; sourceTree = "<group>"; };
		B669107721459B6800274C93 /* Parameters.h */ = {isa = PBXFileReference; lastKnownFileType = sourcecode.c.h; path = Parameters.h; sourceTree = "<group>"; };
		B669107821459B6800274C93 /* Prng.cpp */ = {isa = PBXFileReference; lastKnownFileType = sourcecode.cpp.cpp; path = Prng.cpp; sourceTree = "<group>"; };
		B669107921459B6800274C93 /* Prng.h */ = {isa = PBXFileReference; lastKnownFileType = sourcecode.c.h; path = Prng.h; sourceTree = "<group>"; };
		B669107B21459B6800274C93 /* change_package_version.py */ = {isa = PBXFileReference; lastKnownFileType = text.script.python; path = change_package_version.py; sourceTree = "<group>"; };
		B669107C21459B6800274C93 /* Simulation.cpp */ = {isa = PBXFileReference; lastKnownFileType = sourcecode.cpp.cpp; path = Simulation.cpp; sourceTree = "<group>"; };
		B669107D21459B6800274C93 /* Simulation.h */ = {isa = PBXFileReference; lastKnownFileType = sourcecode.c.h; path = Simulation.h; sourceTree = "<group>"; };
		B669107E21459B6800274C93 /* MoRIS_artificial_data.cpp */ = {isa = PBXFileReference; lastKnownFileType = sourcecode.cpp.cpp; path = MoRIS_artificial_data.cpp; sourceTree = "<group>"; };
		B669107F21459B6800274C93 /* MoRIS_artificial_data.py */ = {isa = PBXFileReference; lastKnownFileType = text.script.python; path = MoRIS_artificial_data.py; sourceTree = "<group>"; };
		B669108021459B6800274C93 /* MoRIS_minimizer.py */ = {isa = PBXFileReference; lastKnownFileType = text.script.python; path = MoRIS_minimizer.py; sourceTree = "<group>"; };
		B669108121459B6800274C93 /* MoRIS_run.cpp */ = {isa = PBXFileReference; lastKnownFileType = sourcecode.cpp.cpp; path = MoRIS_run.cpp; sourceTree = "<group>"; };
		B669108521459B6800274C93 /* MoRIS.xcodeproj */ = {isa = PBXFileReference; lastKnownFileType = "wrapper.pb-project"; path = MoRIS.xcodeproj; sourceTree = "<group>"; };
		B669108C21459BB100274C93 /* MoRIS_run */ = {isa = PBXFileReference; explicitFileType = "compiled.mach-o.executable"; includeInIndex = 0; path = MoRIS_run; sourceTree = BUILT_PRODUCTS_DIR; };
		B696BE782149B5B500380CA8 /* map.txt */ = {isa = PBXFileReference; lastKnownFileType = text; path = map.txt; sourceTree = "<group>"; };
		B696BE792149B5B500380CA8 /* network.txt */ = {isa = PBXFileReference; lastKnownFileType = text; path = network.txt; sourceTree = "<group>"; };
		B696BE7B2149B5B500380CA8 /* sample.txt */ = {isa = PBXFileReference; lastKnownFileType = text; path = sample.txt; sourceTree = "<group>"; };
		B696BE7D2149B5B500380CA8 /* final_state.txt */ = {isa = PBXFileReference; lastKnownFileType = text; path = final_state.txt; sourceTree = "<group>"; };
		B696BE7E2149B5B500380CA8 /* lineage_tree.txt */ = {isa = PBXFileReference; lastKnownFileType = text; path = lineage_tree.txt; sourceTree = "<group>"; };
		B696BE7F2149B5B500380CA8 /* parameters.txt */ = {isa = PBXFileReference; lastKnownFileType = text; path = parameters.txt; sourceTree = "<group>"; };
		B696BE812149B5B500380CA8 /* convert.py */ = {isa = PBXFileReference; lastKnownFileType = text.script.python; path = convert.py; sourceTree = "<group>"; };
		B696BE822149B5B500380CA8 /* map.csv */ = {isa = PBXFileReference; lastKnownFileType = text; path = map.csv; sourceTree = "<group>"; };
		B696BE832149B5B500380CA8 /* map.txt */ = {isa = PBXFileReference; lastKnownFileType = text; path = map.txt; sourceTree = "<group>"; };
		B696BE842149B5B500380CA8 /* map.xlsx */ = {isa = PBXFileReference; lastKnownFileType = file; path = map.xlsx; sourceTree = "<group>"; };
		B696BE852149B5B500380CA8 /* network.csv */ = {isa = PBXFileReference; lastKnownFileType = text; path = network.csv; sourceTree = "<group>"; };
		B696BE862149B5B500380CA8 /* network.txt */ = {isa = PBXFileReference; lastKnownFileType = text; path = network.txt; sourceTree = "<group>"; };
		B696BE872149B5B500380CA8 /* network.xlsx */ = {isa = PBXFileReference; lastKnownFileType = file; path = network.xlsx; sourceTree = "<group>"; };
		B696BE882149B5B500380CA8 /* sample.csv */ = {isa = PBXFileReference; lastKnownFileType = text; path = sample.csv; sourceTree = "<group>"; };
		B696BE892149B5B500380CA8 /* sample.txt */ = {isa = PBXFileReference; lastKnownFileType = text; path = sample.txt; sourceTree = "<group>"; };
		B696BE8A2149B5B500380CA8 /* sample.xlsx */ = {isa = PBXFileReference; lastKnownFileType = file; path = sample.xlsx; sourceTree = "<group>"; };
		B6AC48C82148669500F783C5 /* map.R */ = {isa = PBXFileReference; lastKnownFileType = sourcecode.rez; path = map.R; sourceTree = "<group>"; };
		B6AC48C92148669500F783C5 /* map.txt */ = {isa = PBXFileReference; lastKnownFileType = text; path = map.txt; sourceTree = "<group>"; };
		B6AC48CA2148669500F783C5 /* network.txt */ = {isa = PBXFileReference; lastKnownFileType = text; path = network.txt; sourceTree = "<group>"; };
		B6AC48CB2148669500F783C5 /* parameters.txt */ = {isa = PBXFileReference; lastKnownFileType = text; path = parameters.txt; sourceTree = "<group>"; };
		B6AC48CC2148669500F783C5 /* plot.R */ = {isa = PBXFileReference; lastKnownFileType = sourcecode.rez; path = plot.R; sourceTree = "<group>"; };
		B6AC48CD2148669500F783C5 /* run.sh */ = {isa = PBXFileReference; lastKnownFileType = text.script.sh; path = run.sh; sourceTree = "<group>"; };
		B6AC48CE2148669500F783C5 /* sample.txt */ = {isa = PBXFileReference; lastKnownFileType = text; path = sample.txt; sourceTree = "<group>"; };
		B6AC48D1214866B500F783C5 /* map.R */ = {isa = PBXFileReference; lastKnownFileType = sourcecode.rez; path = map.R; sourceTree = "<group>"; };
		B6AC48D5214866B500F783C5 /* plot.R */ = {isa = PBXFileReference; lastKnownFileType = sourcecode.rez; path = plot.R; sourceTree = "<group>"; };
		B6AC48D6214866B500F783C5 /* run.sh */ = {isa = PBXFileReference; lastKnownFileType = text.script.sh; path = run.sh; sourceTree = "<group>"; };
/* End PBXFileReference section */

/* Begin PBXFrameworksBuildPhase section */
		B600E1982145EE8A007F2221 /* Frameworks */ = {
			isa = PBXFrameworksBuildPhase;
			buildActionMask = 2147483647;
			files = (
			);
			runOnlyForDeploymentPostprocessing = 0;
		};
		B669108921459BB100274C93 /* Frameworks */ = {
			isa = PBXFrameworksBuildPhase;
			buildActionMask = 2147483647;
			files = (
			);
			runOnlyForDeploymentPostprocessing = 0;
		};
/* End PBXFrameworksBuildPhase section */

/* Begin PBXGroup section */
		B6690FE321459B3D00274C93 = {
			isa = PBXGroup;
			children = (
				B6690FEE21459B3D00274C93 /* MoRIS */,
				B6690FED21459B3D00274C93 /* Products */,
			);
			sourceTree = "<group>";
		};
		B6690FED21459B3D00274C93 /* Products */ = {
			isa = PBXGroup;
			children = (
				B669108C21459BB100274C93 /* MoRIS_run */,
				B600E19B2145EE8A007F2221 /* MoRIS_artificial_data */,
			);
			name = Products;
			sourceTree = "<group>";
		};
		B6690FEE21459B3D00274C93 /* MoRIS */ = {
			isa = PBXGroup;
			children = (
				B669106D21459B6800274C93 /* LICENSE */,
				B669106E21459B6800274C93 /* README.md */,
				B6690FF621459B6800274C93 /* AUTHORS.md */,
				B669104C21459B6800274C93 /* CMakeLists.txt */,
				B669104D21459B6800274C93 /* docs */,
				B6690FFB21459B6800274C93 /* cmake */,
				B6690FF721459B6800274C93 /* build */,
				B6AC48C62148669500F783C5 /* example_lasius_neglectus_hexagons */,
				B6AC48CF214866B500F783C5 /* example_lasius_neglectus_squares */,
				B669105021459B6800274C93 /* example_gipsy_moth */,
				B669106F21459B6800274C93 /* src */,
				B669108221459B6800274C93 /* xcode */,
			);
			path = MoRIS;
			sourceTree = "<group>";
		};
		B6690FF721459B6800274C93 /* build */ = {
			isa = PBXGroup;
			children = (
				B6690FF821459B6800274C93 /* bin */,
			);
			name = build;
			path = ../../../build;
			sourceTree = "<group>";
		};
		B6690FF821459B6800274C93 /* bin */ = {
			isa = PBXGroup;
			children = (
				B6690FF921459B6800274C93 /* MoRIS_artificial_data */,
				B6690FFA21459B6800274C93 /* MoRIS_run */,
			);
			path = bin;
			sourceTree = "<group>";
		};
		B6690FFB21459B6800274C93 /* cmake */ = {
			isa = PBXGroup;
			children = (
				B6690FFC21459B6800274C93 /* cmake_install.cmake */,
				B6690FFD21459B6800274C93 /* CMakeCache.txt */,
				B6690FFE21459B6800274C93 /* CMakeFiles */,
				B669104221459B6800274C93 /* Config.h */,
				B669104321459B6800274C93 /* libMoRIS.a */,
				B669104421459B6800274C93 /* make.sh */,
				B669104521459B6800274C93 /* make_clean.sh */,
				B669104621459B6800274C93 /* make_debug.sh */,
				B669104721459B6800274C93 /* Makefile */,
				B669104821459B6800274C93 /* modules */,
			);
			name = cmake;
			path = ../../../cmake;
			sourceTree = "<group>";
		};
		B6690FFE21459B6800274C93 /* CMakeFiles */ = {
			isa = PBXGroup;
			children = (
				B6690FFF21459B6800274C93 /* 3.11.0 */,
				B669100D21459B6800274C93 /* cmake.check_cache */,
				B669100E21459B6800274C93 /* CMakeDirectoryInformation.cmake */,
				B669100F21459B6800274C93 /* CMakeOutput.log */,
				B669101021459B6800274C93 /* CMakeTmp */,
				B669101121459B6800274C93 /* feature_tests.bin */,
				B669101221459B6800274C93 /* feature_tests.c */,
				B669101321459B6800274C93 /* feature_tests.cxx */,
				B669101421459B6800274C93 /* Makefile.cmake */,
				B669101521459B6800274C93 /* Makefile2 */,
				B669101621459B6800274C93 /* MoRIS.dir */,
				B669102821459B6800274C93 /* MoRIS_artificial_data.dir */,
				B669103421459B6800274C93 /* MoRIS_run.dir */,
				B669104021459B6800274C93 /* progress.marks */,
				B669104121459B6800274C93 /* TargetDirectories.txt */,
			);
			path = CMakeFiles;
			sourceTree = "<group>";
		};
		B6690FFF21459B6800274C93 /* 3.11.0 */ = {
			isa = PBXGroup;
			children = (
				B669100021459B6800274C93 /* CMakeCCompiler.cmake */,
				B669100121459B6800274C93 /* CMakeCXXCompiler.cmake */,
				B669100221459B6800274C93 /* CMakeDetermineCompilerABI_C.bin */,
				B669100321459B6800274C93 /* CMakeDetermineCompilerABI_CXX.bin */,
				B669100421459B6800274C93 /* CMakeSystem.cmake */,
				B669100521459B6800274C93 /* CompilerIdC */,
				B669100921459B6800274C93 /* CompilerIdCXX */,
			);
			path = 3.11.0;
			sourceTree = "<group>";
		};
		B669100521459B6800274C93 /* CompilerIdC */ = {
			isa = PBXGroup;
			children = (
				B669100621459B6800274C93 /* a.out */,
				B669100721459B6800274C93 /* CMakeCCompilerId.c */,
				B669100821459B6800274C93 /* tmp */,
			);
			path = CompilerIdC;
			sourceTree = "<group>";
		};
		B669100821459B6800274C93 /* tmp */ = {
			isa = PBXGroup;
			children = (
			);
			path = tmp;
			sourceTree = "<group>";
		};
		B669100921459B6800274C93 /* CompilerIdCXX */ = {
			isa = PBXGroup;
			children = (
				B669100A21459B6800274C93 /* a.out */,
				B669100B21459B6800274C93 /* CMakeCXXCompilerId.cpp */,
				B669100C21459B6800274C93 /* tmp */,
			);
			path = CompilerIdCXX;
			sourceTree = "<group>";
		};
		B669100C21459B6800274C93 /* tmp */ = {
			isa = PBXGroup;
			children = (
			);
			path = tmp;
			sourceTree = "<group>";
		};
		B669101021459B6800274C93 /* CMakeTmp */ = {
			isa = PBXGroup;
			children = (
			);
			path = CMakeTmp;
			sourceTree = "<group>";
		};
		B669101621459B6800274C93 /* MoRIS.dir */ = {
			isa = PBXGroup;
			children = (
				B669101721459B6800274C93 /* build.make */,
				B669101821459B6800274C93 /* cmake_clean.cmake */,
				B669101921459B6800274C93 /* cmake_clean_target.cmake */,
				B669101A21459B6800274C93 /* CXX.includecache */,
				B669101B21459B6800274C93 /* depend.internal */,
				B669101C21459B6800274C93 /* depend.make */,
				B669101D21459B6800274C93 /* DependInfo.cmake */,
				B669101E21459B6800274C93 /* flags.make */,
				B669101F21459B6800274C93 /* link.txt */,
				B669102021459B6800274C93 /* progress.make */,
				B669102121459B6800274C93 /* src */,
			);
			path = MoRIS.dir;
			sourceTree = "<group>";
		};
		B669102121459B6800274C93 /* src */ = {
			isa = PBXGroup;
			children = (
				B669102221459B6800274C93 /* lib */,
			);
			path = src;
			sourceTree = "<group>";
		};
		B669102221459B6800274C93 /* lib */ = {
			isa = PBXGroup;
			children = (
				B669102321459B6800274C93 /* Graph.cpp.o */,
				B669102421459B6800274C93 /* Node.cpp.o */,
				B669102521459B6800274C93 /* Parameters.cpp.o */,
				B669102621459B6800274C93 /* Prng.cpp.o */,
				B669102721459B6800274C93 /* Simulation.cpp.o */,
			);
			path = lib;
			sourceTree = "<group>";
		};
		B669102821459B6800274C93 /* MoRIS_artificial_data.dir */ = {
			isa = PBXGroup;
			children = (
				B669102921459B6800274C93 /* build.make */,
				B669102A21459B6800274C93 /* cmake_clean.cmake */,
				B669102B21459B6800274C93 /* CXX.includecache */,
				B669102C21459B6800274C93 /* depend.internal */,
				B669102D21459B6800274C93 /* depend.make */,
				B669102E21459B6800274C93 /* DependInfo.cmake */,
				B669102F21459B6800274C93 /* flags.make */,
				B669103021459B6800274C93 /* link.txt */,
				B669103121459B6800274C93 /* progress.make */,
				B669103221459B6800274C93 /* src */,
			);
			path = MoRIS_artificial_data.dir;
			sourceTree = "<group>";
		};
		B669103221459B6800274C93 /* src */ = {
			isa = PBXGroup;
			children = (
				B669103321459B6800274C93 /* MoRIS_artificial_data.cpp.o */,
			);
			path = src;
			sourceTree = "<group>";
		};
		B669103421459B6800274C93 /* MoRIS_run.dir */ = {
			isa = PBXGroup;
			children = (
				B669103521459B6800274C93 /* build.make */,
				B669103621459B6800274C93 /* cmake_clean.cmake */,
				B669103721459B6800274C93 /* CXX.includecache */,
				B669103821459B6800274C93 /* depend.internal */,
				B669103921459B6800274C93 /* depend.make */,
				B669103A21459B6800274C93 /* DependInfo.cmake */,
				B669103B21459B6800274C93 /* flags.make */,
				B669103C21459B6800274C93 /* link.txt */,
				B669103D21459B6800274C93 /* progress.make */,
				B669103E21459B6800274C93 /* src */,
			);
			path = MoRIS_run.dir;
			sourceTree = "<group>";
		};
		B669103E21459B6800274C93 /* src */ = {
			isa = PBXGroup;
			children = (
				B669103F21459B6800274C93 /* MoRIS_run.cpp.o */,
			);
			path = src;
			sourceTree = "<group>";
		};
		B669104821459B6800274C93 /* modules */ = {
			isa = PBXGroup;
			children = (
				B669104921459B6800274C93 /* Config.h.in */,
				B669104A21459B6800274C93 /* FindGSL.cmake */,
				B669104B21459B6800274C93 /* FindTBB.cmake */,
			);
			path = modules;
			sourceTree = "<group>";
		};
		B669104D21459B6800274C93 /* docs */ = {
			isa = PBXGroup;
			children = (
				B669104E21459B6800274C93 /* index.html */,
				B669104F21459B6800274C93 /* Meetmoris.jpg */,
			);
			name = docs;
			path = ../../../docs;
			sourceTree = "<group>";
		};
		B669105021459B6800274C93 /* example_gipsy_moth */ = {
			isa = PBXGroup;
			children = (
				B669105121459B6800274C93 /* map.txt */,
				B669105221459B6800274C93 /* network.txt */,
				B669105321459B6800274C93 /* parameters.txt */,
				B669105421459B6800274C93 /* plot.R */,
				B669105521459B6800274C93 /* run.sh */,
				B669105621459B6800274C93 /* sample.txt */,
				B669105721459B6800274C93 /* xlsx */,
			);
			name = example_gipsy_moth;
			path = ../../../example_gipsy_moth;
			sourceTree = "<group>";
		};
		B669105721459B6800274C93 /* xlsx */ = {
			isa = PBXGroup;
			children = (
				B669105F21459B6800274C93 /* previous data */,
				B669105821459B6800274C93 /* convert.py */,
				B669105921459B6800274C93 /* map.txt */,
				B669105A21459B6800274C93 /* map_OK.csv */,
				B669105B21459B6800274C93 /* map_OK.xlsx */,
				B669105C21459B6800274C93 /* network.txt */,
				B669105D21459B6800274C93 /* network_OK.csv */,
				B669105E21459B6800274C93 /* network_OK.xlsx */,
				B669106221459B6800274C93 /* sample.txt */,
				B669106321459B6800274C93 /* sample_OK.csv */,
				B669106421459B6800274C93 /* sample_OK.xlsx */,
			);
			path = xlsx;
			sourceTree = "<group>";
		};
		B669105F21459B6800274C93 /* previous data */ = {
			isa = PBXGroup;
			children = (
				B669106021459B6800274C93 /* sample_OK_v1.xlsx */,
				B669106121459B6800274C93 /* sample_OK_v2.xlsx */,
			);
			path = "previous data";
			sourceTree = "<group>";
		};
		B669106F21459B6800274C93 /* src */ = {
			isa = PBXGroup;
			children = (
				B669108121459B6800274C93 /* MoRIS_run.cpp */,
				B669107E21459B6800274C93 /* MoRIS_artificial_data.cpp */,
				B669108021459B6800274C93 /* MoRIS_minimizer.py */,
				B669107F21459B6800274C93 /* MoRIS_artificial_data.py */,
				B669107021459B6800274C93 /* lib */,
			);
			name = src;
			path = ../../../src;
			sourceTree = "<group>";
		};
		B669107021459B6800274C93 /* lib */ = {
			isa = PBXGroup;
			children = (
				B669107121459B6800274C93 /* Enums.h */,
				B669107821459B6800274C93 /* Prng.cpp */,
				B669107921459B6800274C93 /* Prng.h */,
				B669107621459B6800274C93 /* Parameters.cpp */,
				B669107721459B6800274C93 /* Parameters.h */,
				B669107421459B6800274C93 /* Node.cpp */,
				B669107521459B6800274C93 /* Node.h */,
				B669107221459B6800274C93 /* Graph.cpp */,
				B669107321459B6800274C93 /* Graph.h */,
				B669107C21459B6800274C93 /* Simulation.cpp */,
				B669107D21459B6800274C93 /* Simulation.h */,
				B669107A21459B6800274C93 /* scripts */,
			);
			path = lib;
			sourceTree = "<group>";
		};
		B669107A21459B6800274C93 /* scripts */ = {
			isa = PBXGroup;
			children = (
				B669107B21459B6800274C93 /* change_package_version.py */,
			);
			path = scripts;
			sourceTree = "<group>";
		};
		B669108221459B6800274C93 /* xcode */ = {
			isa = PBXGroup;
			children = (
				B669108321459B6800274C93 /* MoRIS */,
			);
			name = xcode;
			path = ../..;
			sourceTree = "<group>";
		};
		B669108321459B6800274C93 /* MoRIS */ = {
			isa = PBXGroup;
			children = (
				B669108421459B6800274C93 /* MoRIS */,
				B669108521459B6800274C93 /* MoRIS.xcodeproj */,
			);
			path = MoRIS;
			sourceTree = "<group>";
		};
		B669108421459B6800274C93 /* MoRIS */ = {
			isa = PBXGroup;
			children = (
			);
			path = MoRIS;
			sourceTree = "<group>";
		};
		B669108621459B6800274C93 /* Products */ = {
			isa = PBXGroup;
			name = Products;
			sourceTree = "<group>";
		};
		B696BE772149B5B500380CA8 /* input */ = {
			isa = PBXGroup;
			children = (
				B696BE782149B5B500380CA8 /* map.txt */,
				B696BE792149B5B500380CA8 /* network.txt */,
				B696BE7B2149B5B500380CA8 /* sample.txt */,
			);
			path = input;
			sourceTree = "<group>";
		};
		B696BE7C2149B5B500380CA8 /* output */ = {
			isa = PBXGroup;
			children = (
				B696BE7D2149B5B500380CA8 /* final_state.txt */,
				B696BE7E2149B5B500380CA8 /* lineage_tree.txt */,
				B696BE7F2149B5B500380CA8 /* parameters.txt */,
			);
			path = output;
			sourceTree = "<group>";
		};
		B696BE802149B5B500380CA8 /* xlsx */ = {
			isa = PBXGroup;
			children = (
				B696BE812149B5B500380CA8 /* convert.py */,
				B696BE822149B5B500380CA8 /* map.csv */,
				B696BE832149B5B500380CA8 /* map.txt */,
				B696BE842149B5B500380CA8 /* map.xlsx */,
				B696BE852149B5B500380CA8 /* network.csv */,
				B696BE862149B5B500380CA8 /* network.txt */,
				B696BE872149B5B500380CA8 /* network.xlsx */,
				B696BE882149B5B500380CA8 /* sample.csv */,
				B696BE892149B5B500380CA8 /* sample.txt */,
				B696BE8A2149B5B500380CA8 /* sample.xlsx */,
			);
			path = xlsx;
			sourceTree = "<group>";
		};
		B6AC48C62148669500F783C5 /* example_lasius_neglectus_hexagons */ = {
			isa = PBXGroup;
			children = (
				B6AC48C82148669500F783C5 /* map.R */,
				B6AC48C92148669500F783C5 /* map.txt */,
				B6AC48CA2148669500F783C5 /* network.txt */,
				B6AC48CB2148669500F783C5 /* parameters.txt */,
				B6AC48CC2148669500F783C5 /* plot.R */,
				B6AC48CD2148669500F783C5 /* run.sh */,
				B6AC48CE2148669500F783C5 /* sample.txt */,
			);
			name = example_lasius_neglectus_hexagons;
			path = ../../../example_lasius_neglectus_hexagons;
			sourceTree = "<group>";
		};
		B6AC48CF214866B500F783C5 /* example_lasius_neglectus_squares */ = {
			isa = PBXGroup;
			children = (
				B696BE772149B5B500380CA8 /* input */,
				B696BE7C2149B5B500380CA8 /* output */,
				B696BE802149B5B500380CA8 /* xlsx */,
				B656907C214ADD58003CD5D1 /* parameters.txt */,
				B6AC48D6214866B500F783C5 /* run.sh */,
				B6AC48D5214866B500F783C5 /* plot.R */,
				B6AC48D1214866B500F783C5 /* map.R */,
			);
			name = example_lasius_neglectus_squares;
			path = ../../../example_lasius_neglectus_squares;
			sourceTree = "<group>";
		};
/* End PBXGroup section */

/* Begin PBXNativeTarget section */
		B600E19A2145EE8A007F2221 /* MoRIS_artificial_data */ = {
			isa = PBXNativeTarget;
			buildConfigurationList = B600E1A12145EE8A007F2221 /* Build configuration list for PBXNativeTarget "MoRIS_artificial_data" */;
			buildPhases = (
				B600E1972145EE8A007F2221 /* Sources */,
				B600E1982145EE8A007F2221 /* Frameworks */,
				B600E1992145EE8A007F2221 /* CopyFiles */,
			);
			buildRules = (
			);
			dependencies = (
			);
			name = MoRIS_artificial_data;
			productName = MoRIS_artificial_data;
			productReference = B600E19B2145EE8A007F2221 /* MoRIS_artificial_data */;
			productType = "com.apple.product-type.tool";
		};
		B669108B21459BB100274C93 /* MoRIS_run */ = {
			isa = PBXNativeTarget;
			buildConfigurationList = B669109021459BB100274C93 /* Build configuration list for PBXNativeTarget "MoRIS_run" */;
			buildPhases = (
				B669108821459BB100274C93 /* Sources */,
				B669108921459BB100274C93 /* Frameworks */,
				B669108A21459BB100274C93 /* CopyFiles */,
			);
			buildRules = (
			);
			dependencies = (
			);
			name = MoRIS_run;
			productName = MoRIS_run;
			productReference = B669108C21459BB100274C93 /* MoRIS_run */;
			productType = "com.apple.product-type.tool";
		};
/* End PBXNativeTarget section */

/* Begin PBXProject section */
		B6690FE421459B3D00274C93 /* Project object */ = {
			isa = PBXProject;
			attributes = {
				LastUpgradeCheck = 0620;
				ORGANIZATIONNAME = "Charles Rocabert";
				TargetAttributes = {
					B600E19A2145EE8A007F2221 = {
						CreatedOnToolsVersion = 6.2;
					};
					B669108B21459BB100274C93 = {
						CreatedOnToolsVersion = 6.2;
					};
				};
			};
			buildConfigurationList = B6690FE721459B3D00274C93 /* Build configuration list for PBXProject "MoRIS" */;
			compatibilityVersion = "Xcode 3.2";
			developmentRegion = English;
			hasScannedForEncodings = 0;
			knownRegions = (
				en,
			);
			mainGroup = B6690FE321459B3D00274C93;
			productRefGroup = B6690FED21459B3D00274C93 /* Products */;
			projectDirPath = "";
			projectReferences = (
				{
					ProductGroup = B669108621459B6800274C93 /* Products */;
					ProjectRef = B669108521459B6800274C93 /* MoRIS.xcodeproj */;
				},
			);
			projectRoot = "";
			targets = (
				B669108B21459BB100274C93 /* MoRIS_run */,
				B600E19A2145EE8A007F2221 /* MoRIS_artificial_data */,
			);
		};
/* End PBXProject section */

/* Begin PBXSourcesBuildPhase section */
		B600E1972145EE8A007F2221 /* Sources */ = {
			isa = PBXSourcesBuildPhase;
			buildActionMask = 2147483647;
			files = (
				B600E1A22145EE9E007F2221 /* MoRIS_artificial_data.cpp in Sources */,
				B600E1A32145EE9E007F2221 /* Prng.cpp in Sources */,
				B600E1A42145EE9E007F2221 /* Parameters.cpp in Sources */,
				B600E1A52145EE9E007F2221 /* Node.cpp in Sources */,
				B600E1A62145EE9E007F2221 /* Graph.cpp in Sources */,
				B600E1A72145EE9E007F2221 /* Simulation.cpp in Sources */,
			);
			runOnlyForDeploymentPostprocessing = 0;
		};
		B669108821459BB100274C93 /* Sources */ = {
			isa = PBXSourcesBuildPhase;
			buildActionMask = 2147483647;
			files = (
				B669109321459C1200274C93 /* MoRIS_run.cpp in Sources */,
				B669109421459C1200274C93 /* Prng.cpp in Sources */,
				B669109521459C1200274C93 /* Parameters.cpp in Sources */,
				B669109621459C1200274C93 /* Node.cpp in Sources */,
				B669109721459C1200274C93 /* Graph.cpp in Sources */,
				B669109821459C1200274C93 /* Simulation.cpp in Sources */,
			);
			runOnlyForDeploymentPostprocessing = 0;
		};
/* End PBXSourcesBuildPhase section */

/* Begin XCBuildConfiguration section */
		B600E19F2145EE8A007F2221 /* Debug */ = {
			isa = XCBuildConfiguration;
			buildSettings = {
				GCC_PREPROCESSOR_DEFINITIONS = (
					"DEBUG=1",
					"$(inherited)",
				);
				PRODUCT_NAME = "$(TARGET_NAME)";
			};
			name = Debug;
		};
		B600E1A02145EE8A007F2221 /* Release */ = {
			isa = XCBuildConfiguration;
			buildSettings = {
				PRODUCT_NAME = "$(TARGET_NAME)";
			};
			name = Release;
		};
		B6690FF121459B3D00274C93 /* Debug */ = {
			isa = XCBuildConfiguration;
			buildSettings = {
				ALWAYS_SEARCH_USER_PATHS = NO;
				CLANG_CXX_LANGUAGE_STANDARD = "gnu++0x";
				CLANG_CXX_LIBRARY = "libc++";
				CLANG_ENABLE_MODULES = YES;
				CLANG_ENABLE_OBJC_ARC = YES;
				CLANG_WARN_BOOL_CONVERSION = YES;
				CLANG_WARN_CONSTANT_CONVERSION = YES;
				CLANG_WARN_DIRECT_OBJC_ISA_USAGE = YES_ERROR;
				CLANG_WARN_EMPTY_BODY = YES;
				CLANG_WARN_ENUM_CONVERSION = YES;
				CLANG_WARN_INT_CONVERSION = YES;
				CLANG_WARN_OBJC_ROOT_CLASS = YES_ERROR;
				CLANG_WARN_UNREACHABLE_CODE = YES;
				CLANG_WARN__DUPLICATE_METHOD_MATCH = YES;
				COPY_PHASE_STRIP = NO;
				ENABLE_STRICT_OBJC_MSGSEND = YES;
				GCC_C_LANGUAGE_STANDARD = gnu99;
				GCC_DYNAMIC_NO_PIC = NO;
				GCC_OPTIMIZATION_LEVEL = 0;
				GCC_PREPROCESSOR_DEFINITIONS = (
					"DEBUG=1",
					"$(inherited)",
				);
				GCC_SYMBOLS_PRIVATE_EXTERN = NO;
				GCC_WARN_64_TO_32_BIT_CONVERSION = YES;
				GCC_WARN_ABOUT_RETURN_TYPE = YES_ERROR;
				GCC_WARN_UNDECLARED_SELECTOR = YES;
				GCC_WARN_UNINITIALIZED_AUTOS = YES_AGGRESSIVE;
				GCC_WARN_UNUSED_FUNCTION = YES;
				GCC_WARN_UNUSED_VARIABLE = YES;
				HEADER_SEARCH_PATHS = (
					"$(inherited)",
					/Applications/Xcode.app/Contents/Developer/Toolchains/XcodeDefault.xctoolchain/usr/include,
					/usr/local/include,
					/opt/local/include,
				);
				LIBRARY_SEARCH_PATHS = (
					/usr/local/lib,
					/opt/local/lib,
				);
				MACOSX_DEPLOYMENT_TARGET = 10.9;
				MTL_ENABLE_DEBUG_INFO = YES;
				ONLY_ACTIVE_ARCH = YES;
				OTHER_LDFLAGS = (
					"-lgsl",
					"-lgslcblas",
					"-ltbb",
				);
				OTHER_LIBTOOLFLAGS = "-lgsl -lgslcblas -ltbb";
				SDKROOT = macosx;
			};
			name = Debug;
		};
		B6690FF221459B3D00274C93 /* Release */ = {
			isa = XCBuildConfiguration;
			buildSettings = {
				ALWAYS_SEARCH_USER_PATHS = NO;
				CLANG_CXX_LANGUAGE_STANDARD = "gnu++0x";
				CLANG_CXX_LIBRARY = "libc++";
				CLANG_ENABLE_MODULES = YES;
				CLANG_ENABLE_OBJC_ARC = YES;
				CLANG_WARN_BOOL_CONVERSION = YES;
				CLANG_WARN_CONSTANT_CONVERSION = YES;
				CLANG_WARN_DIRECT_OBJC_ISA_USAGE = YES_ERROR;
				CLANG_WARN_EMPTY_BODY = YES;
				CLANG_WARN_ENUM_CONVERSION = YES;
				CLANG_WARN_INT_CONVERSION = YES;
				CLANG_WARN_OBJC_ROOT_CLASS = YES_ERROR;
				CLANG_WARN_UNREACHABLE_CODE = YES;
				CLANG_WARN__DUPLICATE_METHOD_MATCH = YES;
				COPY_PHASE_STRIP = NO;
				DEBUG_INFORMATION_FORMAT = "dwarf-with-dsym";
				ENABLE_NS_ASSERTIONS = NO;
				ENABLE_STRICT_OBJC_MSGSEND = YES;
				GCC_C_LANGUAGE_STANDARD = gnu99;
				GCC_WARN_64_TO_32_BIT_CONVERSION = YES;
				GCC_WARN_ABOUT_RETURN_TYPE = YES_ERROR;
				GCC_WARN_UNDECLARED_SELECTOR = YES;
				GCC_WARN_UNINITIALIZED_AUTOS = YES_AGGRESSIVE;
				GCC_WARN_UNUSED_FUNCTION = YES;
				GCC_WARN_UNUSED_VARIABLE = YES;
				HEADER_SEARCH_PATHS = (
					"$(inherited)",
					/Applications/Xcode.app/Contents/Developer/Toolchains/XcodeDefault.xctoolchain/usr/include,
					/usr/local/include,
					/opt/local/include,
				);
				LIBRARY_SEARCH_PATHS = (
					/usr/local/lib,
					/opt/local/lib,
				);
				MACOSX_DEPLOYMENT_TARGET = 10.9;
				MTL_ENABLE_DEBUG_INFO = NO;
				OTHER_LDFLAGS = (
					"-lgsl",
					"-lgslcblas",
					"-ltbb",
				);
				OTHER_LIBTOOLFLAGS = "-lgsl -lgslcblas -ltbb";
				SDKROOT = macosx;
			};
			name = Release;
		};
		B669109121459BB100274C93 /* Debug */ = {
			isa = XCBuildConfiguration;
			buildSettings = {
				GCC_PREPROCESSOR_DEFINITIONS = (
					"DEBUG=1",
					"$(inherited)",
				);
				PRODUCT_NAME = "$(TARGET_NAME)";
			};
			name = Debug;
		};
		B669109221459BB100274C93 /* Release */ = {
			isa = XCBuildConfiguration;
			buildSettings = {
				PRODUCT_NAME = "$(TARGET_NAME)";
			};
			name = Release;
		};
/* End XCBuildConfiguration section */

/* Begin XCConfigurationList section */
		B600E1A12145EE8A007F2221 /* Build configuration list for PBXNativeTarget "MoRIS_artificial_data" */ = {
			isa = XCConfigurationList;
			buildConfigurations = (
				B600E19F2145EE8A007F2221 /* Debug */,
				B600E1A02145EE8A007F2221 /* Release */,
			);
			defaultConfigurationIsVisible = 0;
			defaultConfigurationName = Release;
		};
		B6690FE721459B3D00274C93 /* Build configuration list for PBXProject "MoRIS" */ = {
			isa = XCConfigurationList;
			buildConfigurations = (
				B6690FF121459B3D00274C93 /* Debug */,
				B6690FF221459B3D00274C93 /* Release */,
			);
			defaultConfigurationIsVisible = 0;
			defaultConfigurationName = Release;
		};
		B669109021459BB100274C93 /* Build configuration list for PBXNativeTarget "MoRIS_run" */ = {
			isa = XCConfigurationList;
			buildConfigurations = (
				B669109121459BB100274C93 /* Debug */,
				B669109221459BB100274C93 /* Release */,
			);
			defaultConfigurationIsVisible = 0;
			defaultConfigurationName = Release;
		};
/* End XCConfigurationList section */
	};
	rootObject = B6690FE421459B3D00274C93 /* Project object */;
}
